
Microsoft Visual Studio Solution File, Format Version 12.00
# Visual Studio Version 17
VisualStudioVersion = 17.0.31903.59
MinimumVisualStudioVersion = 10.0.40219.1
Project("{FAE04EC0-301F-11D3-BF4B-00C04F79EFBC}") = "teste.Api", "src\Api\teste.Api.csproj", "{A1F15E0F-7BF8-0880-FA1F-A34B37995EC7}"
EndProject
Project("{FAE04EC0-301F-11D3-BF4B-00C04F79EFBC}") = "teste.Application", "src\Application\teste.Application.csproj", "{9B4974AD-E315-FB2B-EAC5-0B04D79564BF}"
EndProject
Project("{FAE04EC0-301F-11D3-BF4B-00C04F79EFBC}") = "teste.Core", "src\Core\teste.Core.csproj", "{48C03565-57E0-C718-230C-329A6FDE1168}"
EndProject
Project("{FAE04EC0-301F-11D3-BF4B-00C04F79EFBC}") = "teste.Infrastructure", "src\Infrastructure\teste.Infrastructure.csproj", "{EAC0DF8E-A843-850D-41C0-45D5D3D2DDAF}"
EndProject
Project("{FAE04EC0-301F-11D3-BF4B-00C04F79EFBC}") = "teste.UnitTests", "tests\UnitTests\teste.UnitTests.csproj", "{583D910E-2F2C-43B1-D996-CCF0C5F3B45F}"
EndProject
Project("{FAE04EC0-301F-11D3-BF4B-00C04F79EFBC}") = "teste.IntegrationTests", "tests\IntegrationTests\teste.IntegrationTests.csproj", "{B7623FA8-E600-B010-0252-ED7531B029FA}"
EndProject
Global
	GlobalSection(SolutionConfigurationPlatforms) = preSolution
		Debug|Any CPU = Debug|Any CPU
		Release|Any CPU = Release|Any CPU
	EndGlobalSection
	GlobalSection(ProjectConfigurationPlatforms) = postSolution
		{A1F15E0F-7BF8-0880-FA1F-A34B37995EC7}.Debug|Any CPU.ActiveCfg = Debug|Any CPU
		{A1F15E0F-7BF8-0880-FA1F-A34B37995EC7}.Debug|Any CPU.Build.0 = Debug|Any CPU
		{A1F15E0F-7BF8-0880-FA1F-A34B37995EC7}.Release|Any CPU.ActiveCfg = Release|Any CPU
		{A1F15E0F-7BF8-0880-FA1F-A34B37995EC7}.Release|Any CPU.Build.0 = Release|Any CPU
		{9B4974AD-E315-FB2B-EAC5-0B04D79564BF}.Debug|Any CPU.ActiveCfg = Debug|Any CPU
		{9B4974AD-E315-FB2B-EAC5-0B04D79564BF}.Debug|Any CPU.Build.0 = Debug|Any CPU
		{9B4974AD-E315-FB2B-EAC5-0B04D79564BF}.Release|Any CPU.ActiveCfg = Release|Any CPU
		{9B4974AD-E315-FB2B-EAC5-0B04D79564BF}.Release|Any CPU.Build.0 = Release|Any CPU
		{48C03565-57E0-C718-230C-329A6FDE1168}.Debug|Any CPU.ActiveCfg = Debug|Any CPU
		{48C03565-57E0-C718-230C-329A6FDE1168}.Debug|Any CPU.Build.0 = Debug|Any CPU
		{48C03565-57E0-C718-230C-329A6FDE1168}.Release|Any CPU.ActiveCfg = Release|Any CPU
		{48C03565-57E0-C718-230C-329A6FDE1168}.Release|Any CPU.Build.0 = Release|Any CPU
		{EAC0DF8E-A843-850D-41C0-45D5D3D2DDAF}.Debug|Any CPU.ActiveCfg = Debug|Any CPU
		{EAC0DF8E-A843-850D-41C0-45D5D3D2DDAF}.Debug|Any CPU.Build.0 = Debug|Any CPU
		{EAC0DF8E-A843-850D-41C0-45D5D3D2DDAF}.Release|Any CPU.ActiveCfg = Release|Any CPU
		{EAC0DF8E-A843-850D-41C0-45D5D3D2DDAF}.Release|Any CPU.Build.0 = Release|Any CPU
		{583D910E-2F2C-43B1-D996-CCF0C5F3B45F}.Debug|Any CPU.ActiveCfg = Debug|Any CPU
		{583D910E-2F2C-43B1-D996-CCF0C5F3B45F}.Debug|Any CPU.Build.0 = Debug|Any CPU
		{583D910E-2F2C-43B1-D996-CCF0C5F3B45F}.Release|Any CPU.ActiveCfg = Release|Any CPU
		{583D910E-2F2C-43B1-D996-CCF0C5F3B45F}.Release|Any CPU.Build.0 = Release|Any CPU
		{B7623FA8-E600-B010-0252-ED7531B029FA}.Debug|Any CPU.ActiveCfg = Debug|Any CPU
		{B7623FA8-E600-B010-0252-ED7531B029FA}.Debug|Any CPU.Build.0 = Debug|Any CPU
		{B7623FA8-E600-B010-0252-ED7531B029FA}.Release|Any CPU.ActiveCfg = Release|Any CPU
		{B7623FA8-E600-B010-0252-ED7531B029FA}.Release|Any CPU.Build.0 = Release|Any CPU
	EndGlobalSection
	GlobalSection(SolutionProperties) = preSolution
		HideSolutionNode = FALSE
	EndGlobalSection
	GlobalSection(ExtensibilityGlobals) = postSolution
		SolutionGuid = {7567DA60-11EE-4A45-91D8-7CAAE9C543B4}
	EndGlobalSection
EndGlobal
